
Microsoft Visual Studio Solution File, Format Version 12.00
# Visual Studio Version 16
VisualStudioVersion = 16.0.31911.196
MinimumVisualStudioVersion = 10.0.40219.1
Project("{FAE04EC0-301F-11D3-BF4B-00C04F79EFBC}") = "EFDbFirstApproachExample", "EFDbFirstApproachExample\EFDbFirstApproachExample.csproj", "{A23A4A3A-BBCD-4E7D-B8B6-45B94F28E223}"
EndProject
Global
	GlobalSection(SolutionConfigurationPlatforms) = preSolution
		Debug|Any CPU = Debug|Any CPU
		Release|Any CPU = Release|Any CPU
	EndGlobalSection
	GlobalSection(ProjectConfigurationPlatforms) = postSolution
		{A23A4A3A-BBCD-4E7D-B8B6-45B94F28E223}.Debug|Any CPU.ActiveCfg = Debug|Any CPU
		{A23A4A3A-BBCD-4E7D-B8B6-45B94F28E223}.Debug|Any CPU.Build.0 = Debug|Any CPU
		{A23A4A3A-BBCD-4E7D-B8B6-45B94F28E223}.Release|Any CPU.ActiveCfg = Release|Any CPU
		{A23A4A3A-BBCD-4E7D-B8B6-45B94F28E223}.Release|Any CPU.Build.0 = Release|Any CPU
	EndGlobalSection
	GlobalSection(SolutionProperties) = preSolution
		HideSolutionNode = FALSE
	EndGlobalSection
	GlobalSection(ExtensibilityGlobals) = postSolution
		SolutionGuid = {9E163751-E29C-4318-A11D-7522286B6006}
	EndGlobalSection
EndGlobal
